
Microsoft Visual Studio Solution File, Format Version 12.00
# Visual Studio 15
VisualStudioVersion = 15.0.27428.2037
MinimumVisualStudioVersion = 10.0.40219.1
Project("{FAE04EC0-301F-11D3-BF4B-00C04F79EFBC}") = "CarShop.Repository", "CarShop.Repository\CarShop.Repository.csproj", "{95096AC8-A953-46B9-9899-EE11F5F8A0BD}"
EndProject
Project("{FAE04EC0-301F-11D3-BF4B-00C04F79EFBC}") = "CarShop.Logic", "CarShop.Logic\CarShop.Logic.csproj", "{7FC90B14-4206-42DF-9A95-2CC085CACC1F}"
EndProject
Project("{FAE04EC0-301F-11D3-BF4B-00C04F79EFBC}") = "CarShop.Data", "CarShop.Data\CarShop.Data.csproj", "{694D8FFF-F80E-49A8-B536-A8AAB06D1D11}"
EndProject
Project("{FAE04EC0-301F-11D3-BF4B-00C04F79EFBC}") = "CarShop.Logic.Tests", "CarShop.Logic.Tests\CarShop.Logic.Tests.csproj", "{7D54C5F5-2062-4C08-AE72-5C8931507E40}"
EndProject
Project("{FAE04EC0-301F-11D3-BF4B-00C04F79EFBC}") = "CarShop.Program", "CarShop.Program\CarShop.Program.csproj", "{CF7FBF94-D2F5-4FEE-9ED1-680E729CB83A}"
EndProject
Project("{FAE04EC0-301F-11D3-BF4B-00C04F79EFBC}") = "CarShop.JavaWeb", "CarShop.JavaWeb\CarShop.JavaWeb.csproj", "{CEE36D21-160C-429D-9CB2-1C2F4F233007}"
EndProject
Global
	GlobalSection(SolutionConfigurationPlatforms) = preSolution
		Debug|Any CPU = Debug|Any CPU
		Release|Any CPU = Release|Any CPU
	EndGlobalSection
	GlobalSection(ProjectConfigurationPlatforms) = postSolution
		{95096AC8-A953-46B9-9899-EE11F5F8A0BD}.Debug|Any CPU.ActiveCfg = Debug|Any CPU
		{95096AC8-A953-46B9-9899-EE11F5F8A0BD}.Debug|Any CPU.Build.0 = Debug|Any CPU
		{95096AC8-A953-46B9-9899-EE11F5F8A0BD}.Release|Any CPU.ActiveCfg = Release|Any CPU
		{95096AC8-A953-46B9-9899-EE11F5F8A0BD}.Release|Any CPU.Build.0 = Release|Any CPU
		{7FC90B14-4206-42DF-9A95-2CC085CACC1F}.Debug|Any CPU.ActiveCfg = Debug|Any CPU
		{7FC90B14-4206-42DF-9A95-2CC085CACC1F}.Debug|Any CPU.Build.0 = Debug|Any CPU
		{7FC90B14-4206-42DF-9A95-2CC085CACC1F}.Release|Any CPU.ActiveCfg = Release|Any CPU
		{7FC90B14-4206-42DF-9A95-2CC085CACC1F}.Release|Any CPU.Build.0 = Release|Any CPU
		{694D8FFF-F80E-49A8-B536-A8AAB06D1D11}.Debug|Any CPU.ActiveCfg = Debug|Any CPU
		{694D8FFF-F80E-49A8-B536-A8AAB06D1D11}.Debug|Any CPU.Build.0 = Debug|Any CPU
		{694D8FFF-F80E-49A8-B536-A8AAB06D1D11}.Release|Any CPU.ActiveCfg = Release|Any CPU
		{694D8FFF-F80E-49A8-B536-A8AAB06D1D11}.Release|Any CPU.Build.0 = Release|Any CPU
		{7D54C5F5-2062-4C08-AE72-5C8931507E40}.Debug|Any CPU.ActiveCfg = Debug|Any CPU
		{7D54C5F5-2062-4C08-AE72-5C8931507E40}.Debug|Any CPU.Build.0 = Debug|Any CPU
		{7D54C5F5-2062-4C08-AE72-5C8931507E40}.Release|Any CPU.ActiveCfg = Release|Any CPU
		{7D54C5F5-2062-4C08-AE72-5C8931507E40}.Release|Any CPU.Build.0 = Release|Any CPU
		{CF7FBF94-D2F5-4FEE-9ED1-680E729CB83A}.Debug|Any CPU.ActiveCfg = Debug|Any CPU
		{CF7FBF94-D2F5-4FEE-9ED1-680E729CB83A}.Debug|Any CPU.Build.0 = Debug|Any CPU
		{CF7FBF94-D2F5-4FEE-9ED1-680E729CB83A}.Release|Any CPU.ActiveCfg = Release|Any CPU
		{CF7FBF94-D2F5-4FEE-9ED1-680E729CB83A}.Release|Any CPU.Build.0 = Release|Any CPU
		{CEE36D21-160C-429D-9CB2-1C2F4F233007}.Debug|Any CPU.ActiveCfg = Debug|Any CPU
		{CEE36D21-160C-429D-9CB2-1C2F4F233007}.Debug|Any CPU.Build.0 = Debug|Any CPU
		{CEE36D21-160C-429D-9CB2-1C2F4F233007}.Release|Any CPU.ActiveCfg = Release|Any CPU
		{CEE36D21-160C-429D-9CB2-1C2F4F233007}.Release|Any CPU.Build.0 = Release|Any CPU
	EndGlobalSection
	GlobalSection(SolutionProperties) = preSolution
		HideSolutionNode = FALSE
	EndGlobalSection
	GlobalSection(ExtensibilityGlobals) = postSolution
		SolutionGuid = {A5FD95C3-E6A6-40F3-B8EF-0682265DEBFD}
	EndGlobalSection
EndGlobal
