
Microsoft Visual Studio Solution File, Format Version 12.00
# Visual Studio 15
VisualStudioVersion = 15.0.27428.2037
MinimumVisualStudioVersion = 10.0.40219.1
Project("{FAE04EC0-301F-11D3-BF4B-00C04F79EFBC}") = "NemethK.MyApp", "NemethK.MyApp\NemethK.MyApp.csproj", "{7991BCEB-7099-48D0-90F3-8C1945C51F47}"
EndProject
Global
	GlobalSection(SolutionConfigurationPlatforms) = preSolution
		Debug|Any CPU = Debug|Any CPU
		Release|Any CPU = Release|Any CPU
	EndGlobalSection
	GlobalSection(ProjectConfigurationPlatforms) = postSolution
		{7991BCEB-7099-48D0-90F3-8C1945C51F47}.Debug|Any CPU.ActiveCfg = Debug|Any CPU
		{7991BCEB-7099-48D0-90F3-8C1945C51F47}.Debug|Any CPU.Build.0 = Debug|Any CPU
		{7991BCEB-7099-48D0-90F3-8C1945C51F47}.Release|Any CPU.ActiveCfg = Release|Any CPU
		{7991BCEB-7099-48D0-90F3-8C1945C51F47}.Release|Any CPU.Build.0 = Release|Any CPU
	EndGlobalSection
	GlobalSection(SolutionProperties) = preSolution
		HideSolutionNode = FALSE
	EndGlobalSection
	GlobalSection(ExtensibilityGlobals) = postSolution
		SolutionGuid = {A5FD95C3-E6A6-40F3-B8EF-0682265DEBFD}
	EndGlobalSection
EndGlobal
